{
  "name": "webGLnote",
  "lockfileVersion": 3,
  "requires": true,
  "packages": {
    "": {
      "dependencies": {
        "twgl.js": "^5.3.1"
      }
    },
    "node_modules/twgl.js": {
      "version": "5.3.1",
      "resolved": "https://registry.npmjs.org/twgl.js/-/twgl.js-5.3.1.tgz",
      "integrity": "sha512-o0Syi31ecv4rOcQ9pafpzlnY4o6qsxKbWII8v3Yz1MP6coRUagSmQ84ShsivrErs5gFFoVrWHFjaG3GVa01tCw=="
    }
  }
}
